
Microsoft Visual Studio Solution File, Format Version 12.00
# Visual Studio Version 17
VisualStudioVersion = 17.3.32929.385
MinimumVisualStudioVersion = 10.0.40219.1
Project("{FAE04EC0-301F-11D3-BF4B-00C04F79EFBC}") = "CircularQueues", "CircularQueues\CircularQueues.csproj", "{C31FD4C4-F613-405B-8C61-CFE69092B5CD}"
EndProject
Global
	GlobalSection(SolutionConfigurationPlatforms) = preSolution
		Debug|Any CPU = Debug|Any CPU
		Release|Any CPU = Release|Any CPU
	EndGlobalSection
	GlobalSection(ProjectConfigurationPlatforms) = postSolution
		{C31FD4C4-F613-405B-8C61-CFE69092B5CD}.Debug|Any CPU.ActiveCfg = Debug|Any CPU
		{C31FD4C4-F613-405B-8C61-CFE69092B5CD}.Debug|Any CPU.Build.0 = Debug|Any CPU
		{C31FD4C4-F613-405B-8C61-CFE69092B5CD}.Release|Any CPU.ActiveCfg = Release|Any CPU
		{C31FD4C4-F613-405B-8C61-CFE69092B5CD}.Release|Any CPU.Build.0 = Release|Any CPU
	EndGlobalSection
	GlobalSection(SolutionProperties) = preSolution
		HideSolutionNode = FALSE
	EndGlobalSection
	GlobalSection(ExtensibilityGlobals) = postSolution
		SolutionGuid = {FB53F244-3AEB-4801-9190-115A424EAA88}
	EndGlobalSection
EndGlobal
